
Microsoft Visual Studio Solution File, Format Version 12.00
# Visual Studio Version 17
VisualStudioVersion = 17.7.34221.43
MinimumVisualStudioVersion = 10.0.40219.1
Project("{FAE04EC0-301F-11D3-BF4B-00C04F79EFBC}") = "01-bytebank", "01-bytebank.csproj", "{6BE91C56-0D08-48E8-8ED2-EFCA7CE5AAA9}"
EndProject
Global
	GlobalSection(SolutionConfigurationPlatforms) = preSolution
		Debug|Any CPU = Debug|Any CPU
		Release|Any CPU = Release|Any CPU
	EndGlobalSection
	GlobalSection(ProjectConfigurationPlatforms) = postSolution
		{6BE91C56-0D08-48E8-8ED2-EFCA7CE5AAA9}.Debug|Any CPU.ActiveCfg = Debug|Any CPU
		{6BE91C56-0D08-48E8-8ED2-EFCA7CE5AAA9}.Debug|Any CPU.Build.0 = Debug|Any CPU
		{6BE91C56-0D08-48E8-8ED2-EFCA7CE5AAA9}.Release|Any CPU.ActiveCfg = Release|Any CPU
		{6BE91C56-0D08-48E8-8ED2-EFCA7CE5AAA9}.Release|Any CPU.Build.0 = Release|Any CPU
	EndGlobalSection
	GlobalSection(SolutionProperties) = preSolution
		HideSolutionNode = FALSE
	EndGlobalSection
	GlobalSection(ExtensibilityGlobals) = postSolution
		SolutionGuid = {8CB90D65-25C5-498E-8893-775DEEA74EB5}
	EndGlobalSection
EndGlobal
